
Microsoft Visual Studio Solution File, Format Version 12.00
# Visual Studio 2013
VisualStudioVersion = 12.0.21005.1
MinimumVisualStudioVersion = 10.0.40219.1
Project("{8BC9CEB8-8B4A-11D0-8D11-00A0C91BC942}") = "fl_base", "fl_base\fl_base.vcxproj", "{70ED1E20-CE74-43CC-AC97-64A3515CEA15}"
EndProject
Project("{8BC9CEB8-8B4A-11D0-8D11-00A0C91BC942}") = "fl_test", "fl_test\fl_test.vcxproj", "{A2197E9B-6CCD-4015-A011-110492972B8C}"
	ProjectSection(ProjectDependencies) = postProject
		{70ED1E20-CE74-43CC-AC97-64A3515CEA15} = {70ED1E20-CE74-43CC-AC97-64A3515CEA15}
	EndProjectSection
EndProject
Global
	GlobalSection(SolutionConfigurationPlatforms) = preSolution
		Debug|Win32 = Debug|Win32
		Release|Win32 = Release|Win32
	EndGlobalSection
	GlobalSection(ProjectConfigurationPlatforms) = postSolution
		{70ED1E20-CE74-43CC-AC97-64A3515CEA15}.Debug|Win32.ActiveCfg = Debug|Win32
		{70ED1E20-CE74-43CC-AC97-64A3515CEA15}.Debug|Win32.Build.0 = Debug|Win32
		{70ED1E20-CE74-43CC-AC97-64A3515CEA15}.Release|Win32.ActiveCfg = Release|Win32
		{70ED1E20-CE74-43CC-AC97-64A3515CEA15}.Release|Win32.Build.0 = Release|Win32
		{A2197E9B-6CCD-4015-A011-110492972B8C}.Debug|Win32.ActiveCfg = Debug|Win32
		{A2197E9B-6CCD-4015-A011-110492972B8C}.Debug|Win32.Build.0 = Debug|Win32
		{A2197E9B-6CCD-4015-A011-110492972B8C}.Release|Win32.ActiveCfg = Release|Win32
		{A2197E9B-6CCD-4015-A011-110492972B8C}.Release|Win32.Build.0 = Release|Win32
	EndGlobalSection
	GlobalSection(SolutionProperties) = preSolution
		HideSolutionNode = FALSE
	EndGlobalSection
EndGlobal
