<?xml version="1.0" encoding="utf-8"?>
<Project ToolsVersion="4.0" xmlns="http://schemas.microsoft.com/developer/msbuild/2003">
  <ItemGroup>
    <Filter Include="inc">
      <UniqueIdentifier>{ba78bfa4-b16f-4f12-86a5-8a333bbbe142}</UniqueIdentifier>
    </Filter>
    <Filter Include="src">
      <UniqueIdentifier>{64c3e36c-b6dc-4b91-9340-d66acd145fcb}</UniqueIdentifier>
    </Filter>
  </ItemGroup>
  <ItemGroup>
    <ClCompile Include="src\test.cpp">
      <Filter>src</Filter>
    </ClCompile>
  </ItemGroup>
</Project>